
Microsoft Visual Studio Solution File, Format Version 12.00
# Visual Studio 2013
VisualStudioVersion = 12.0.30501.0
MinimumVisualStudioVersion = 10.0.40219.1
Project("{FAE04EC0-301F-11D3-BF4B-00C04F79EFBC}") = "StaticAnalyser", "StaticAnalyser\StaticAnalyser.csproj", "{DAFB6D04-347B-4A60-9A81-EC94D2DC2E1D}"
EndProject
Project("{FAE04EC0-301F-11D3-BF4B-00C04F79EFBC}") = "StaticAnalyser.Analyser", "StaticAnalyser.Analyser\StaticAnalyser.Analyser.csproj", "{5084EEB8-E7F5-4E2F-996F-F3EA5A5FEB0F}"
EndProject
Project("{2150E333-8FDC-42A3-9474-1A3956D46DE8}") = "Rules", "Rules", "{81C3589D-64E2-4354-AB58-62A1545A11A4}"
EndProject
Project("{2150E333-8FDC-42A3-9474-1A3956D46DE8}") = "Performance", "Performance", "{AAEF35EB-D47A-4DD6-92DE-E3F97DFFD02E}"
EndProject
Project("{2150E333-8FDC-42A3-9474-1A3956D46DE8}") = "Correctness", "Correctness", "{DB9E068B-C77D-41A9-8FDD-CFBD69EBEA9B}"
EndProject
Project("{FAE04EC0-301F-11D3-BF4B-00C04F79EFBC}") = "EmptyCatchBlockRule", "Rules\Correctness\EmptyCatchBlockRule\EmptyCatchBlockRule.csproj", "{CE511DC8-8EEC-4B85-9119-D00104506B8A}"
EndProject
Project("{FAE04EC0-301F-11D3-BF4B-00C04F79EFBC}") = "EmptyFinaliserRule", "Rules\Performance\EmptyFinaliserRule\EmptyFinaliserRule.csproj", "{36AD2B2B-8EFD-42BA-B17B-EB6A83C8DBE1}"
EndProject
Project("{FAE04EC0-301F-11D3-BF4B-00C04F79EFBC}") = "UnusedPrivateFieldsRule", "Rules\Performance\UnusedPrivateFieldsRule\UnusedPrivateFieldsRule.csproj", "{F6C19D53-A129-4348-951D-151D2C37C360}"
EndProject
Project("{2150E333-8FDC-42A3-9474-1A3956D46DE8}") = "BadPractice", "BadPractice", "{245A3900-B3E1-4566-A406-B986E5CCBE42}"
EndProject
Project("{FAE04EC0-301F-11D3-BF4B-00C04F79EFBC}") = "VB6ReturnRule", "Rules\BadPractice\VB6ReturnRule\VB6ReturnRule.csproj", "{71322A05-1AD0-4A09-9DFD-4CB69A0BC4EA}"
EndProject
Project("{FAE04EC0-301F-11D3-BF4B-00C04F79EFBC}") = "OverridableMethodCallInConstructorRule", "Rules\BadPractice\OverridableMethodCallInConstructorRule\OverridableMethodCallInConstructorRule.csproj", "{E765D9A2-2B1A-450C-8A10-1FCA3033610A}"
EndProject
Project("{2150E333-8FDC-42A3-9474-1A3956D46DE8}") = ".nuget", ".nuget", "{50EFA5FD-A16B-4521-80E9-91DC1247809C}"
	ProjectSection(SolutionItems) = preProject
		.nuget\NuGet.Config = .nuget\NuGet.Config
		.nuget\NuGet.exe = .nuget\NuGet.exe
		.nuget\NuGet.targets = .nuget\NuGet.targets
	EndProjectSection
EndProject
Global
	GlobalSection(SolutionConfigurationPlatforms) = preSolution
		Debug|Any CPU = Debug|Any CPU
		Debug|x86 = Debug|x86
		Release|Any CPU = Release|Any CPU
		Release|x86 = Release|x86
	EndGlobalSection
	GlobalSection(ProjectConfigurationPlatforms) = postSolution
		{DAFB6D04-347B-4A60-9A81-EC94D2DC2E1D}.Debug|Any CPU.ActiveCfg = Debug|Any CPU
		{DAFB6D04-347B-4A60-9A81-EC94D2DC2E1D}.Debug|Any CPU.Build.0 = Debug|Any CPU
		{DAFB6D04-347B-4A60-9A81-EC94D2DC2E1D}.Debug|x86.ActiveCfg = Debug|x86
		{DAFB6D04-347B-4A60-9A81-EC94D2DC2E1D}.Debug|x86.Build.0 = Debug|x86
		{DAFB6D04-347B-4A60-9A81-EC94D2DC2E1D}.Release|Any CPU.ActiveCfg = Release|Any CPU
		{DAFB6D04-347B-4A60-9A81-EC94D2DC2E1D}.Release|Any CPU.Build.0 = Release|Any CPU
		{DAFB6D04-347B-4A60-9A81-EC94D2DC2E1D}.Release|x86.ActiveCfg = Release|x86
		{DAFB6D04-347B-4A60-9A81-EC94D2DC2E1D}.Release|x86.Build.0 = Release|x86
		{5084EEB8-E7F5-4E2F-996F-F3EA5A5FEB0F}.Debug|Any CPU.ActiveCfg = Debug|Any CPU
		{5084EEB8-E7F5-4E2F-996F-F3EA5A5FEB0F}.Debug|Any CPU.Build.0 = Debug|Any CPU
		{5084EEB8-E7F5-4E2F-996F-F3EA5A5FEB0F}.Debug|x86.ActiveCfg = Debug|x86
		{5084EEB8-E7F5-4E2F-996F-F3EA5A5FEB0F}.Debug|x86.Build.0 = Debug|x86
		{5084EEB8-E7F5-4E2F-996F-F3EA5A5FEB0F}.Release|Any CPU.ActiveCfg = Release|Any CPU
		{5084EEB8-E7F5-4E2F-996F-F3EA5A5FEB0F}.Release|Any CPU.Build.0 = Release|Any CPU
		{5084EEB8-E7F5-4E2F-996F-F3EA5A5FEB0F}.Release|x86.ActiveCfg = Release|x86
		{5084EEB8-E7F5-4E2F-996F-F3EA5A5FEB0F}.Release|x86.Build.0 = Release|x86
		{CE511DC8-8EEC-4B85-9119-D00104506B8A}.Debug|Any CPU.ActiveCfg = Debug|Any CPU
		{CE511DC8-8EEC-4B85-9119-D00104506B8A}.Debug|Any CPU.Build.0 = Debug|Any CPU
		{CE511DC8-8EEC-4B85-9119-D00104506B8A}.Debug|x86.ActiveCfg = Debug|Any CPU
		{CE511DC8-8EEC-4B85-9119-D00104506B8A}.Release|Any CPU.ActiveCfg = Release|Any CPU
		{CE511DC8-8EEC-4B85-9119-D00104506B8A}.Release|Any CPU.Build.0 = Release|Any CPU
		{CE511DC8-8EEC-4B85-9119-D00104506B8A}.Release|x86.ActiveCfg = Release|Any CPU
		{36AD2B2B-8EFD-42BA-B17B-EB6A83C8DBE1}.Debug|Any CPU.ActiveCfg = Debug|Any CPU
		{36AD2B2B-8EFD-42BA-B17B-EB6A83C8DBE1}.Debug|Any CPU.Build.0 = Debug|Any CPU
		{36AD2B2B-8EFD-42BA-B17B-EB6A83C8DBE1}.Debug|x86.ActiveCfg = Debug|Any CPU
		{36AD2B2B-8EFD-42BA-B17B-EB6A83C8DBE1}.Release|Any CPU.ActiveCfg = Release|Any CPU
		{36AD2B2B-8EFD-42BA-B17B-EB6A83C8DBE1}.Release|Any CPU.Build.0 = Release|Any CPU
		{36AD2B2B-8EFD-42BA-B17B-EB6A83C8DBE1}.Release|x86.ActiveCfg = Release|Any CPU
		{F6C19D53-A129-4348-951D-151D2C37C360}.Debug|Any CPU.ActiveCfg = Debug|Any CPU
		{F6C19D53-A129-4348-951D-151D2C37C360}.Debug|Any CPU.Build.0 = Debug|Any CPU
		{F6C19D53-A129-4348-951D-151D2C37C360}.Debug|x86.ActiveCfg = Debug|Any CPU
		{F6C19D53-A129-4348-951D-151D2C37C360}.Release|Any CPU.ActiveCfg = Release|Any CPU
		{F6C19D53-A129-4348-951D-151D2C37C360}.Release|Any CPU.Build.0 = Release|Any CPU
		{F6C19D53-A129-4348-951D-151D2C37C360}.Release|x86.ActiveCfg = Release|Any CPU
		{71322A05-1AD0-4A09-9DFD-4CB69A0BC4EA}.Debug|Any CPU.ActiveCfg = Debug|Any CPU
		{71322A05-1AD0-4A09-9DFD-4CB69A0BC4EA}.Debug|Any CPU.Build.0 = Debug|Any CPU
		{71322A05-1AD0-4A09-9DFD-4CB69A0BC4EA}.Debug|x86.ActiveCfg = Debug|Any CPU
		{71322A05-1AD0-4A09-9DFD-4CB69A0BC4EA}.Release|Any CPU.ActiveCfg = Release|Any CPU
		{71322A05-1AD0-4A09-9DFD-4CB69A0BC4EA}.Release|Any CPU.Build.0 = Release|Any CPU
		{71322A05-1AD0-4A09-9DFD-4CB69A0BC4EA}.Release|x86.ActiveCfg = Release|Any CPU
		{E765D9A2-2B1A-450C-8A10-1FCA3033610A}.Debug|Any CPU.ActiveCfg = Debug|Any CPU
		{E765D9A2-2B1A-450C-8A10-1FCA3033610A}.Debug|Any CPU.Build.0 = Debug|Any CPU
		{E765D9A2-2B1A-450C-8A10-1FCA3033610A}.Debug|x86.ActiveCfg = Debug|Any CPU
		{E765D9A2-2B1A-450C-8A10-1FCA3033610A}.Release|Any CPU.ActiveCfg = Release|Any CPU
		{E765D9A2-2B1A-450C-8A10-1FCA3033610A}.Release|Any CPU.Build.0 = Release|Any CPU
		{E765D9A2-2B1A-450C-8A10-1FCA3033610A}.Release|x86.ActiveCfg = Release|Any CPU
	EndGlobalSection
	GlobalSection(SolutionProperties) = preSolution
		HideSolutionNode = FALSE
	EndGlobalSection
	GlobalSection(NestedProjects) = preSolution
		{AAEF35EB-D47A-4DD6-92DE-E3F97DFFD02E} = {81C3589D-64E2-4354-AB58-62A1545A11A4}
		{DB9E068B-C77D-41A9-8FDD-CFBD69EBEA9B} = {81C3589D-64E2-4354-AB58-62A1545A11A4}
		{CE511DC8-8EEC-4B85-9119-D00104506B8A} = {DB9E068B-C77D-41A9-8FDD-CFBD69EBEA9B}
		{36AD2B2B-8EFD-42BA-B17B-EB6A83C8DBE1} = {AAEF35EB-D47A-4DD6-92DE-E3F97DFFD02E}
		{F6C19D53-A129-4348-951D-151D2C37C360} = {AAEF35EB-D47A-4DD6-92DE-E3F97DFFD02E}
		{245A3900-B3E1-4566-A406-B986E5CCBE42} = {81C3589D-64E2-4354-AB58-62A1545A11A4}
		{71322A05-1AD0-4A09-9DFD-4CB69A0BC4EA} = {245A3900-B3E1-4566-A406-B986E5CCBE42}
		{E765D9A2-2B1A-450C-8A10-1FCA3033610A} = {245A3900-B3E1-4566-A406-B986E5CCBE42}
	EndGlobalSection
EndGlobal
