
Microsoft Visual Studio Solution File, Format Version 12.00
# Visual Studio 2013
VisualStudioVersion = 12.0.30723.0
MinimumVisualStudioVersion = 10.0.40219.1
Project("{FAE04EC0-301F-11D3-BF4B-00C04F79EFBC}") = "StaticAnalyser", "StaticAnalyser\StaticAnalyser.csproj", "{DAFB6D04-347B-4A60-9A81-EC94D2DC2E1D}"
EndProject
Project("{FAE04EC0-301F-11D3-BF4B-00C04F79EFBC}") = "StaticAnalyser.Analyser", "StaticAnalyser.Analyser\StaticAnalyser.Analyser.csproj", "{5084EEB8-E7F5-4E2F-996F-F3EA5A5FEB0F}"
EndProject
Project("{2150E333-8FDC-42A3-9474-1A3956D46DE8}") = "Rules", "Rules", "{81C3589D-64E2-4354-AB58-62A1545A11A4}"
EndProject
Project("{2150E333-8FDC-42A3-9474-1A3956D46DE8}") = "Performance", "Performance", "{AAEF35EB-D47A-4DD6-92DE-E3F97DFFD02E}"
EndProject
Project("{2150E333-8FDC-42A3-9474-1A3956D46DE8}") = "Correctness", "Correctness", "{DB9E068B-C77D-41A9-8FDD-CFBD69EBEA9B}"
EndProject
Project("{FAE04EC0-301F-11D3-BF4B-00C04F79EFBC}") = "Rules.Correctness.EmptyCatchBlock", "Rules\Correctness\EmptyCatchBlockRule\Rules.Correctness.EmptyCatchBlock.csproj", "{CE511DC8-8EEC-4B85-9119-D00104506B8A}"
EndProject
Project("{FAE04EC0-301F-11D3-BF4B-00C04F79EFBC}") = "Rules.Performance.EmptyFinaliser", "Rules\Performance\EmptyFinaliserRule\Rules.Performance.EmptyFinaliser.csproj", "{36AD2B2B-8EFD-42BA-B17B-EB6A83C8DBE1}"
EndProject
Project("{FAE04EC0-301F-11D3-BF4B-00C04F79EFBC}") = "Rules.Performance.UnusedPrivateField", "Rules\Performance\UnusedPrivateFieldsRule\Rules.Performance.UnusedPrivateField.csproj", "{F6C19D53-A129-4348-951D-151D2C37C360}"
EndProject
Project("{2150E333-8FDC-42A3-9474-1A3956D46DE8}") = "BadPractice", "BadPractice", "{245A3900-B3E1-4566-A406-B986E5CCBE42}"
EndProject
Project("{FAE04EC0-301F-11D3-BF4B-00C04F79EFBC}") = "Rules.BadPractice.VB6StyleReturn", "Rules\BadPractice\VB6ReturnRule\Rules.BadPractice.VB6StyleReturn.csproj", "{71322A05-1AD0-4A09-9DFD-4CB69A0BC4EA}"
EndProject
Project("{FAE04EC0-301F-11D3-BF4B-00C04F79EFBC}") = "Rules.BadPractice.OverridableMethodCallInConstructor", "Rules\BadPractice\OverridableMethodCallInConstructorRule\Rules.BadPractice.OverridableMethodCallInConstructor.csproj", "{E765D9A2-2B1A-450C-8A10-1FCA3033610A}"
EndProject
Project("{2150E333-8FDC-42A3-9474-1A3956D46DE8}") = ".nuget", ".nuget", "{1F2A1F7C-D32A-458D-A0F5-5A55F4883203}"
	ProjectSection(SolutionItems) = preProject
		.nuget\NuGet.Config = .nuget\NuGet.Config
		.nuget\NuGet.exe = .nuget\NuGet.exe
		.nuget\NuGet.targets = .nuget\NuGet.targets
	EndProjectSection
EndProject
Project("{FAE04EC0-301F-11D3-BF4B-00C04F79EFBC}") = "Rules.BadPractice.VisibleConstantField", "Rules\BadPractice\AvoidVisibleConstantFieldRule\Rules.BadPractice.VisibleConstantField.csproj", "{C5DD04DD-CA2D-483D-9D33-9B1D2CF13434}"
EndProject
Project("{2150E333-8FDC-42A3-9474-1A3956D46DE8}") = "Unit Tests", "Unit Tests", "{D4183271-4950-47C9-823B-236BFBCD3B29}"
EndProject
Project("{2150E333-8FDC-42A3-9474-1A3956D46DE8}") = "BadPractice", "BadPractice", "{2DEF3BD7-4876-4B78-ADB8-E2244B37E2D5}"
EndProject
Project("{2150E333-8FDC-42A3-9474-1A3956D46DE8}") = "Correctness", "Correctness", "{04BA12C8-ABF3-40C8-AC0D-5E0FF2820D96}"
EndProject
Project("{2150E333-8FDC-42A3-9474-1A3956D46DE8}") = "Performance", "Performance", "{5B2F332D-EEAB-4998-A177-758EC7178A00}"
EndProject
Project("{FAE04EC0-301F-11D3-BF4B-00C04F79EFBC}") = "UnitTests.BadPractice.VisibleConstantField", "Unit Tests\BadPractice\UnitTests.BadPractice.AvoidVisibleConstants\UnitTests.BadPractice.VisibleConstantField.csproj", "{8A03166B-35EF-41E2-83EC-9A9ACCDB5693}"
EndProject
Project("{FAE04EC0-301F-11D3-BF4B-00C04F79EFBC}") = "UnitTests.BadPractice.VB6StyleReturn", "Unit Tests\BadPractice\UnitTests.BadPractice.VB6ReturnRule\UnitTests.BadPractice.VB6StyleReturn.csproj", "{AEBC0ACB-5A4F-42F9-9EE1-4C9A96AAF3EE}"
EndProject
Project("{FAE04EC0-301F-11D3-BF4B-00C04F79EFBC}") = "UnitTests.BadPractice.OverridableMethodCallInConstructor", "Unit Tests\BadPractice\UnitTests.BadPractice.OverridableMethodCallInConstructor\UnitTests.BadPractice.OverridableMethodCallInConstructor.csproj", "{1CB7B72C-50AE-4A91-BE27-B53C5EA87C28}"
EndProject
Project("{FAE04EC0-301F-11D3-BF4B-00C04F79EFBC}") = "Rules.Performance.UnusedParameter", "Rules\Performance\UnusedParametersRule\Rules.Performance.UnusedParameter.csproj", "{19D938AD-B3E6-4ADA-B27E-CDAC82240C40}"
EndProject
Project("{FAE04EC0-301F-11D3-BF4B-00C04F79EFBC}") = "UnitTests.Performance.UnusedParameter", "Unit Tests\Performance\UnitTests.Performance.UnusedParametersRule\UnitTests.Performance.UnusedParameter.csproj", "{668FD58F-A9F7-498D-81F3-131BB616FB92}"
EndProject
Project("{2150E333-8FDC-42A3-9474-1A3956D46DE8}") = "Design", "Design", "{31AA0828-39A7-4150-B0C8-08270361ED80}"
EndProject
Project("{2150E333-8FDC-42A3-9474-1A3956D46DE8}") = "Design", "Design", "{D2B4A1A0-FC2B-407A-B525-34D55713753C}"
EndProject
Project("{FAE04EC0-301F-11D3-BF4B-00C04F79EFBC}") = "UnitTests.Design.AbstractTypeWithPublicCtor", "Unit Tests\Design\UnitTests.Design.AbstractTypeWithPublicCtor\UnitTests.Design.AbstractTypeWithPublicCtor.csproj", "{23A0A60B-3A21-48EB-9E81-DBB056B4E479}"
EndProject
Project("{FAE04EC0-301F-11D3-BF4B-00C04F79EFBC}") = "Rules.Design.AbstractTypeWithPublicCtor", "Rules\Design\AbstractTypeWithPublicCtor\Rules.Design.AbstractTypeWithPublicCtor.csproj", "{7412A60D-CEF2-40F6-B7EE-95D00F1E6104}"
EndProject
Project("{FAE04EC0-301F-11D3-BF4B-00C04F79EFBC}") = "Rules.Design.EmptyInterface", "Rules\Design\EmptyInterface\Rules.Design.EmptyInterface.csproj", "{8AE59B98-794A-47A2-9DEA-2AE6296B4AC7}"
EndProject
Project("{FAE04EC0-301F-11D3-BF4B-00C04F79EFBC}") = "UnitTests.Design.EmptyInterface", "Unit Tests\Design\UnitTests.Design.EmptyInterface\UnitTests.Design.EmptyInterface.csproj", "{4541E64E-32E4-4DDC-9B4B-08B838A3B204}"
EndProject
Project("{FAE04EC0-301F-11D3-BF4B-00C04F79EFBC}") = "Rules.Design.TooManyTypeParameters", "Rules\Design\TooManyTypeParameters\Rules.Design.TooManyTypeParameters.csproj", "{A756F635-9FC1-4610-A2AD-9A7208D51619}"
EndProject
Project("{FAE04EC0-301F-11D3-BF4B-00C04F79EFBC}") = "UnitTests.Design.TooManyTypeParameters", "Unit Tests\Design\UnitTests.Design.TooManyTypeParameters\UnitTests.Design.TooManyTypeParameters.csproj", "{1251A269-BA78-4A3B-BFD5-756204DC49DD}"
EndProject
Global
	GlobalSection(SolutionConfigurationPlatforms) = preSolution
		Debug|Any CPU = Debug|Any CPU
		Debug|x86 = Debug|x86
		Release|Any CPU = Release|Any CPU
		Release|x86 = Release|x86
	EndGlobalSection
	GlobalSection(ProjectConfigurationPlatforms) = postSolution
		{DAFB6D04-347B-4A60-9A81-EC94D2DC2E1D}.Debug|Any CPU.ActiveCfg = Debug|Any CPU
		{DAFB6D04-347B-4A60-9A81-EC94D2DC2E1D}.Debug|Any CPU.Build.0 = Debug|Any CPU
		{DAFB6D04-347B-4A60-9A81-EC94D2DC2E1D}.Debug|x86.ActiveCfg = Debug|x86
		{DAFB6D04-347B-4A60-9A81-EC94D2DC2E1D}.Debug|x86.Build.0 = Debug|x86
		{DAFB6D04-347B-4A60-9A81-EC94D2DC2E1D}.Release|Any CPU.ActiveCfg = Release|Any CPU
		{DAFB6D04-347B-4A60-9A81-EC94D2DC2E1D}.Release|Any CPU.Build.0 = Release|Any CPU
		{DAFB6D04-347B-4A60-9A81-EC94D2DC2E1D}.Release|x86.ActiveCfg = Release|x86
		{DAFB6D04-347B-4A60-9A81-EC94D2DC2E1D}.Release|x86.Build.0 = Release|x86
		{5084EEB8-E7F5-4E2F-996F-F3EA5A5FEB0F}.Debug|Any CPU.ActiveCfg = Debug|Any CPU
		{5084EEB8-E7F5-4E2F-996F-F3EA5A5FEB0F}.Debug|Any CPU.Build.0 = Debug|Any CPU
		{5084EEB8-E7F5-4E2F-996F-F3EA5A5FEB0F}.Debug|x86.ActiveCfg = Debug|x86
		{5084EEB8-E7F5-4E2F-996F-F3EA5A5FEB0F}.Debug|x86.Build.0 = Debug|x86
		{5084EEB8-E7F5-4E2F-996F-F3EA5A5FEB0F}.Release|Any CPU.ActiveCfg = Release|Any CPU
		{5084EEB8-E7F5-4E2F-996F-F3EA5A5FEB0F}.Release|Any CPU.Build.0 = Release|Any CPU
		{5084EEB8-E7F5-4E2F-996F-F3EA5A5FEB0F}.Release|x86.ActiveCfg = Release|x86
		{5084EEB8-E7F5-4E2F-996F-F3EA5A5FEB0F}.Release|x86.Build.0 = Release|x86
		{CE511DC8-8EEC-4B85-9119-D00104506B8A}.Debug|Any CPU.ActiveCfg = Debug|Any CPU
		{CE511DC8-8EEC-4B85-9119-D00104506B8A}.Debug|Any CPU.Build.0 = Debug|Any CPU
		{CE511DC8-8EEC-4B85-9119-D00104506B8A}.Debug|x86.ActiveCfg = Debug|Any CPU
		{CE511DC8-8EEC-4B85-9119-D00104506B8A}.Release|Any CPU.ActiveCfg = Release|Any CPU
		{CE511DC8-8EEC-4B85-9119-D00104506B8A}.Release|Any CPU.Build.0 = Release|Any CPU
		{CE511DC8-8EEC-4B85-9119-D00104506B8A}.Release|x86.ActiveCfg = Release|Any CPU
		{36AD2B2B-8EFD-42BA-B17B-EB6A83C8DBE1}.Debug|Any CPU.ActiveCfg = Debug|Any CPU
		{36AD2B2B-8EFD-42BA-B17B-EB6A83C8DBE1}.Debug|Any CPU.Build.0 = Debug|Any CPU
		{36AD2B2B-8EFD-42BA-B17B-EB6A83C8DBE1}.Debug|x86.ActiveCfg = Debug|Any CPU
		{36AD2B2B-8EFD-42BA-B17B-EB6A83C8DBE1}.Release|Any CPU.ActiveCfg = Release|Any CPU
		{36AD2B2B-8EFD-42BA-B17B-EB6A83C8DBE1}.Release|Any CPU.Build.0 = Release|Any CPU
		{36AD2B2B-8EFD-42BA-B17B-EB6A83C8DBE1}.Release|x86.ActiveCfg = Release|Any CPU
		{F6C19D53-A129-4348-951D-151D2C37C360}.Debug|Any CPU.ActiveCfg = Debug|Any CPU
		{F6C19D53-A129-4348-951D-151D2C37C360}.Debug|Any CPU.Build.0 = Debug|Any CPU
		{F6C19D53-A129-4348-951D-151D2C37C360}.Debug|x86.ActiveCfg = Debug|Any CPU
		{F6C19D53-A129-4348-951D-151D2C37C360}.Release|Any CPU.ActiveCfg = Release|Any CPU
		{F6C19D53-A129-4348-951D-151D2C37C360}.Release|Any CPU.Build.0 = Release|Any CPU
		{F6C19D53-A129-4348-951D-151D2C37C360}.Release|x86.ActiveCfg = Release|Any CPU
		{71322A05-1AD0-4A09-9DFD-4CB69A0BC4EA}.Debug|Any CPU.ActiveCfg = Debug|Any CPU
		{71322A05-1AD0-4A09-9DFD-4CB69A0BC4EA}.Debug|Any CPU.Build.0 = Debug|Any CPU
		{71322A05-1AD0-4A09-9DFD-4CB69A0BC4EA}.Debug|x86.ActiveCfg = Debug|Any CPU
		{71322A05-1AD0-4A09-9DFD-4CB69A0BC4EA}.Release|Any CPU.ActiveCfg = Release|Any CPU
		{71322A05-1AD0-4A09-9DFD-4CB69A0BC4EA}.Release|Any CPU.Build.0 = Release|Any CPU
		{71322A05-1AD0-4A09-9DFD-4CB69A0BC4EA}.Release|x86.ActiveCfg = Release|Any CPU
		{E765D9A2-2B1A-450C-8A10-1FCA3033610A}.Debug|Any CPU.ActiveCfg = Debug|Any CPU
		{E765D9A2-2B1A-450C-8A10-1FCA3033610A}.Debug|Any CPU.Build.0 = Debug|Any CPU
		{E765D9A2-2B1A-450C-8A10-1FCA3033610A}.Debug|x86.ActiveCfg = Debug|Any CPU
		{E765D9A2-2B1A-450C-8A10-1FCA3033610A}.Release|Any CPU.ActiveCfg = Release|Any CPU
		{E765D9A2-2B1A-450C-8A10-1FCA3033610A}.Release|Any CPU.Build.0 = Release|Any CPU
		{E765D9A2-2B1A-450C-8A10-1FCA3033610A}.Release|x86.ActiveCfg = Release|Any CPU
		{C5DD04DD-CA2D-483D-9D33-9B1D2CF13434}.Debug|Any CPU.ActiveCfg = Debug|Any CPU
		{C5DD04DD-CA2D-483D-9D33-9B1D2CF13434}.Debug|Any CPU.Build.0 = Debug|Any CPU
		{C5DD04DD-CA2D-483D-9D33-9B1D2CF13434}.Debug|x86.ActiveCfg = Debug|Any CPU
		{C5DD04DD-CA2D-483D-9D33-9B1D2CF13434}.Release|Any CPU.ActiveCfg = Release|Any CPU
		{C5DD04DD-CA2D-483D-9D33-9B1D2CF13434}.Release|Any CPU.Build.0 = Release|Any CPU
		{C5DD04DD-CA2D-483D-9D33-9B1D2CF13434}.Release|x86.ActiveCfg = Release|Any CPU
		{8A03166B-35EF-41E2-83EC-9A9ACCDB5693}.Debug|Any CPU.ActiveCfg = Debug|Any CPU
		{8A03166B-35EF-41E2-83EC-9A9ACCDB5693}.Debug|Any CPU.Build.0 = Debug|Any CPU
		{8A03166B-35EF-41E2-83EC-9A9ACCDB5693}.Debug|x86.ActiveCfg = Debug|Any CPU
		{8A03166B-35EF-41E2-83EC-9A9ACCDB5693}.Release|Any CPU.ActiveCfg = Release|Any CPU
		{8A03166B-35EF-41E2-83EC-9A9ACCDB5693}.Release|Any CPU.Build.0 = Release|Any CPU
		{8A03166B-35EF-41E2-83EC-9A9ACCDB5693}.Release|x86.ActiveCfg = Release|Any CPU
		{AEBC0ACB-5A4F-42F9-9EE1-4C9A96AAF3EE}.Debug|Any CPU.ActiveCfg = Debug|Any CPU
		{AEBC0ACB-5A4F-42F9-9EE1-4C9A96AAF3EE}.Debug|Any CPU.Build.0 = Debug|Any CPU
		{AEBC0ACB-5A4F-42F9-9EE1-4C9A96AAF3EE}.Debug|x86.ActiveCfg = Debug|Any CPU
		{AEBC0ACB-5A4F-42F9-9EE1-4C9A96AAF3EE}.Release|Any CPU.ActiveCfg = Release|Any CPU
		{AEBC0ACB-5A4F-42F9-9EE1-4C9A96AAF3EE}.Release|Any CPU.Build.0 = Release|Any CPU
		{AEBC0ACB-5A4F-42F9-9EE1-4C9A96AAF3EE}.Release|x86.ActiveCfg = Release|Any CPU
		{1CB7B72C-50AE-4A91-BE27-B53C5EA87C28}.Debug|Any CPU.ActiveCfg = Debug|Any CPU
		{1CB7B72C-50AE-4A91-BE27-B53C5EA87C28}.Debug|Any CPU.Build.0 = Debug|Any CPU
		{1CB7B72C-50AE-4A91-BE27-B53C5EA87C28}.Debug|x86.ActiveCfg = Debug|Any CPU
		{1CB7B72C-50AE-4A91-BE27-B53C5EA87C28}.Release|Any CPU.ActiveCfg = Release|Any CPU
		{1CB7B72C-50AE-4A91-BE27-B53C5EA87C28}.Release|Any CPU.Build.0 = Release|Any CPU
		{1CB7B72C-50AE-4A91-BE27-B53C5EA87C28}.Release|x86.ActiveCfg = Release|Any CPU
		{19D938AD-B3E6-4ADA-B27E-CDAC82240C40}.Debug|Any CPU.ActiveCfg = Debug|Any CPU
		{19D938AD-B3E6-4ADA-B27E-CDAC82240C40}.Debug|Any CPU.Build.0 = Debug|Any CPU
		{19D938AD-B3E6-4ADA-B27E-CDAC82240C40}.Debug|x86.ActiveCfg = Debug|Any CPU
		{19D938AD-B3E6-4ADA-B27E-CDAC82240C40}.Release|Any CPU.ActiveCfg = Release|Any CPU
		{19D938AD-B3E6-4ADA-B27E-CDAC82240C40}.Release|Any CPU.Build.0 = Release|Any CPU
		{19D938AD-B3E6-4ADA-B27E-CDAC82240C40}.Release|x86.ActiveCfg = Release|Any CPU
		{668FD58F-A9F7-498D-81F3-131BB616FB92}.Debug|Any CPU.ActiveCfg = Debug|Any CPU
		{668FD58F-A9F7-498D-81F3-131BB616FB92}.Debug|Any CPU.Build.0 = Debug|Any CPU
		{668FD58F-A9F7-498D-81F3-131BB616FB92}.Debug|x86.ActiveCfg = Debug|Any CPU
		{668FD58F-A9F7-498D-81F3-131BB616FB92}.Release|Any CPU.ActiveCfg = Release|Any CPU
		{668FD58F-A9F7-498D-81F3-131BB616FB92}.Release|Any CPU.Build.0 = Release|Any CPU
		{668FD58F-A9F7-498D-81F3-131BB616FB92}.Release|x86.ActiveCfg = Release|Any CPU
		{23A0A60B-3A21-48EB-9E81-DBB056B4E479}.Debug|Any CPU.ActiveCfg = Debug|Any CPU
		{23A0A60B-3A21-48EB-9E81-DBB056B4E479}.Debug|Any CPU.Build.0 = Debug|Any CPU
		{23A0A60B-3A21-48EB-9E81-DBB056B4E479}.Debug|x86.ActiveCfg = Debug|Any CPU
		{23A0A60B-3A21-48EB-9E81-DBB056B4E479}.Release|Any CPU.ActiveCfg = Release|Any CPU
		{23A0A60B-3A21-48EB-9E81-DBB056B4E479}.Release|Any CPU.Build.0 = Release|Any CPU
		{23A0A60B-3A21-48EB-9E81-DBB056B4E479}.Release|x86.ActiveCfg = Release|Any CPU
		{7412A60D-CEF2-40F6-B7EE-95D00F1E6104}.Debug|Any CPU.ActiveCfg = Debug|Any CPU
		{7412A60D-CEF2-40F6-B7EE-95D00F1E6104}.Debug|Any CPU.Build.0 = Debug|Any CPU
		{7412A60D-CEF2-40F6-B7EE-95D00F1E6104}.Debug|x86.ActiveCfg = Debug|Any CPU
		{7412A60D-CEF2-40F6-B7EE-95D00F1E6104}.Release|Any CPU.ActiveCfg = Release|Any CPU
		{7412A60D-CEF2-40F6-B7EE-95D00F1E6104}.Release|Any CPU.Build.0 = Release|Any CPU
		{7412A60D-CEF2-40F6-B7EE-95D00F1E6104}.Release|x86.ActiveCfg = Release|Any CPU
		{8AE59B98-794A-47A2-9DEA-2AE6296B4AC7}.Debug|Any CPU.ActiveCfg = Debug|Any CPU
		{8AE59B98-794A-47A2-9DEA-2AE6296B4AC7}.Debug|Any CPU.Build.0 = Debug|Any CPU
		{8AE59B98-794A-47A2-9DEA-2AE6296B4AC7}.Debug|x86.ActiveCfg = Debug|Any CPU
		{8AE59B98-794A-47A2-9DEA-2AE6296B4AC7}.Release|Any CPU.ActiveCfg = Release|Any CPU
		{8AE59B98-794A-47A2-9DEA-2AE6296B4AC7}.Release|Any CPU.Build.0 = Release|Any CPU
		{8AE59B98-794A-47A2-9DEA-2AE6296B4AC7}.Release|x86.ActiveCfg = Release|Any CPU
		{4541E64E-32E4-4DDC-9B4B-08B838A3B204}.Debug|Any CPU.ActiveCfg = Debug|Any CPU
		{4541E64E-32E4-4DDC-9B4B-08B838A3B204}.Debug|Any CPU.Build.0 = Debug|Any CPU
		{4541E64E-32E4-4DDC-9B4B-08B838A3B204}.Debug|x86.ActiveCfg = Debug|Any CPU
		{4541E64E-32E4-4DDC-9B4B-08B838A3B204}.Release|Any CPU.ActiveCfg = Release|Any CPU
		{4541E64E-32E4-4DDC-9B4B-08B838A3B204}.Release|Any CPU.Build.0 = Release|Any CPU
		{4541E64E-32E4-4DDC-9B4B-08B838A3B204}.Release|x86.ActiveCfg = Release|Any CPU
		{A756F635-9FC1-4610-A2AD-9A7208D51619}.Debug|Any CPU.ActiveCfg = Debug|Any CPU
		{A756F635-9FC1-4610-A2AD-9A7208D51619}.Debug|Any CPU.Build.0 = Debug|Any CPU
		{A756F635-9FC1-4610-A2AD-9A7208D51619}.Debug|x86.ActiveCfg = Debug|Any CPU
		{A756F635-9FC1-4610-A2AD-9A7208D51619}.Release|Any CPU.ActiveCfg = Release|Any CPU
		{A756F635-9FC1-4610-A2AD-9A7208D51619}.Release|Any CPU.Build.0 = Release|Any CPU
		{A756F635-9FC1-4610-A2AD-9A7208D51619}.Release|x86.ActiveCfg = Release|Any CPU
		{1251A269-BA78-4A3B-BFD5-756204DC49DD}.Debug|Any CPU.ActiveCfg = Debug|Any CPU
		{1251A269-BA78-4A3B-BFD5-756204DC49DD}.Debug|Any CPU.Build.0 = Debug|Any CPU
		{1251A269-BA78-4A3B-BFD5-756204DC49DD}.Debug|x86.ActiveCfg = Debug|Any CPU
		{1251A269-BA78-4A3B-BFD5-756204DC49DD}.Release|Any CPU.ActiveCfg = Release|Any CPU
		{1251A269-BA78-4A3B-BFD5-756204DC49DD}.Release|Any CPU.Build.0 = Release|Any CPU
		{1251A269-BA78-4A3B-BFD5-756204DC49DD}.Release|x86.ActiveCfg = Release|Any CPU
	EndGlobalSection
	GlobalSection(SolutionProperties) = preSolution
		HideSolutionNode = FALSE
	EndGlobalSection
	GlobalSection(NestedProjects) = preSolution
		{AAEF35EB-D47A-4DD6-92DE-E3F97DFFD02E} = {81C3589D-64E2-4354-AB58-62A1545A11A4}
		{DB9E068B-C77D-41A9-8FDD-CFBD69EBEA9B} = {81C3589D-64E2-4354-AB58-62A1545A11A4}
		{CE511DC8-8EEC-4B85-9119-D00104506B8A} = {DB9E068B-C77D-41A9-8FDD-CFBD69EBEA9B}
		{36AD2B2B-8EFD-42BA-B17B-EB6A83C8DBE1} = {AAEF35EB-D47A-4DD6-92DE-E3F97DFFD02E}
		{F6C19D53-A129-4348-951D-151D2C37C360} = {AAEF35EB-D47A-4DD6-92DE-E3F97DFFD02E}
		{245A3900-B3E1-4566-A406-B986E5CCBE42} = {81C3589D-64E2-4354-AB58-62A1545A11A4}
		{71322A05-1AD0-4A09-9DFD-4CB69A0BC4EA} = {245A3900-B3E1-4566-A406-B986E5CCBE42}
		{E765D9A2-2B1A-450C-8A10-1FCA3033610A} = {245A3900-B3E1-4566-A406-B986E5CCBE42}
		{C5DD04DD-CA2D-483D-9D33-9B1D2CF13434} = {245A3900-B3E1-4566-A406-B986E5CCBE42}
		{2DEF3BD7-4876-4B78-ADB8-E2244B37E2D5} = {D4183271-4950-47C9-823B-236BFBCD3B29}
		{04BA12C8-ABF3-40C8-AC0D-5E0FF2820D96} = {D4183271-4950-47C9-823B-236BFBCD3B29}
		{5B2F332D-EEAB-4998-A177-758EC7178A00} = {D4183271-4950-47C9-823B-236BFBCD3B29}
		{8A03166B-35EF-41E2-83EC-9A9ACCDB5693} = {2DEF3BD7-4876-4B78-ADB8-E2244B37E2D5}
		{AEBC0ACB-5A4F-42F9-9EE1-4C9A96AAF3EE} = {2DEF3BD7-4876-4B78-ADB8-E2244B37E2D5}
		{1CB7B72C-50AE-4A91-BE27-B53C5EA87C28} = {2DEF3BD7-4876-4B78-ADB8-E2244B37E2D5}
		{19D938AD-B3E6-4ADA-B27E-CDAC82240C40} = {AAEF35EB-D47A-4DD6-92DE-E3F97DFFD02E}
		{668FD58F-A9F7-498D-81F3-131BB616FB92} = {5B2F332D-EEAB-4998-A177-758EC7178A00}
		{31AA0828-39A7-4150-B0C8-08270361ED80} = {81C3589D-64E2-4354-AB58-62A1545A11A4}
		{D2B4A1A0-FC2B-407A-B525-34D55713753C} = {D4183271-4950-47C9-823B-236BFBCD3B29}
		{23A0A60B-3A21-48EB-9E81-DBB056B4E479} = {D2B4A1A0-FC2B-407A-B525-34D55713753C}
		{7412A60D-CEF2-40F6-B7EE-95D00F1E6104} = {31AA0828-39A7-4150-B0C8-08270361ED80}
		{8AE59B98-794A-47A2-9DEA-2AE6296B4AC7} = {31AA0828-39A7-4150-B0C8-08270361ED80}
		{4541E64E-32E4-4DDC-9B4B-08B838A3B204} = {D2B4A1A0-FC2B-407A-B525-34D55713753C}
		{A756F635-9FC1-4610-A2AD-9A7208D51619} = {31AA0828-39A7-4150-B0C8-08270361ED80}
		{1251A269-BA78-4A3B-BFD5-756204DC49DD} = {D2B4A1A0-FC2B-407A-B525-34D55713753C}
	EndGlobalSection
EndGlobal
